PODS:
  - camera_avfoundation (0.0.1):
    - Flutter
  - Flutter (1.0.0)
  - flutter_native_image (0.0.1):
    - Flutter
  - flutter_tesseract_ocr (0.3.4):
    - Flutter
    - SwiftyTesseract
  - geolocator_apple (1.2.0):
    - Flutter
  - google_mlkit_commons (0.2.0):
    - Flutter
    - MLKitVision
  - google_mlkit_text_recognition (0.3.0):
    - Flutter
    - google_mlkit_commons
    - GoogleMLKit/TextRecognition (~> 2.6.0)
    - GoogleMLKit/TextRecognitionChinese (~> 2.6.0)
    - GoogleMLKit/TextRecognitionDevanagari (~> 2.6.0)
    - GoogleMLKit/TextRecognitionJapanese (~> 2.6.0)
    - GoogleMLKit/TextRecognitionKorean (~> 2.6.0)
  - GoogleDataTransport (9.1.4):
    - GoogleUtilities/Environment (~> 7.7)
    - nanopb (< 2.30910.0, >= 2.30908.0)
    - PromisesObjC (< 3.0, >= 1.2)
  - GoogleMLKit/MLKitCore (2.6.0):
    - MLKitCommon (~> 5.0.0)
  - GoogleMLKit/TextRecognition (2.6.0):
    - GoogleMLKit/MLKitCore
    - MLKitTextRecognition (~> 1.4.0-beta3)
  - GoogleMLKit/TextRecognitionChinese (2.6.0):
    - GoogleMLKit/MLKitCore
    - MLKitTextRecognitionChinese (~> 1.0.0-beta3)
  - GoogleMLKit/TextRecognitionDevanagari (2.6.0):
    - GoogleMLKit/MLKitCore
    - MLKitTextRecognitionDevanagari (~> 1.0.0-beta3)
  - GoogleMLKit/TextRecognitionJapanese (2.6.0):
    - GoogleMLKit/MLKitCore
    - MLKitTextRecognitionJapanese (~> 1.0.0-beta3)
  - GoogleMLKit/TextRecognitionKorean (2.6.0):
    - GoogleMLKit/MLKitCore
    - MLKitTextRecognitionKorean (~> 1.0.0-beta3)
  - GoogleToolboxForMac/DebugUtils (2.3.2):
    - GoogleToolboxForMac/Defines (= 2.3.2)
  - GoogleToolboxForMac/Defines (2.3.2)
  - GoogleToolboxForMac/Logger (2.3.2):
    - GoogleToolboxForMac/Defines (= 2.3.2)
  - "GoogleToolboxForMac/NSData+zlib (2.3.2)":
    - GoogleToolboxForMac/Defines (= 2.3.2)
  - "GoogleToolboxForMac/NSDictionary+URLArguments (2.3.2)":
    - GoogleToolboxForMac/DebugUtils (= 2.3.2)
    - GoogleToolboxForMac/Defines (= 2.3.2)
    - "GoogleToolboxForMac/NSString+URLArguments (= 2.3.2)"
  - "GoogleToolboxForMac/NSString+URLArguments (2.3.2)"
  - GoogleUtilities/Environment (7.7.0):
    - PromisesObjC (< 3.0, >= 1.2)
  - GoogleUtilities/Logger (7.7.0):
    - GoogleUtilities/Environment
  - GoogleUtilities/UserDefaults (7.7.0):
    - GoogleUtilities/Logger
  - GoogleUtilitiesComponents (1.1.0):
    - GoogleUtilities/Logger
  - GTMSessionFetcher/Core (1.7.2)
  - image_picker_ios (0.0.1):
    - Flutter
  - MLImage (1.0.0-beta2)
  - MLKitCommon (5.0.0):
    - GoogleDataTransport (~> 9.0)
    - GoogleToolboxForMac/Logger (~> 2.1)
    - "GoogleToolboxForMac/NSData+zlib (~> 2.1)"
    - "GoogleToolboxForMac/NSDictionary+URLArguments (~> 2.1)"
    - GoogleUtilities/UserDefaults (~> 7.0)
    - GoogleUtilitiesComponents (~> 1.0)
    - GTMSessionFetcher/Core (~> 1.1)
    - Protobuf (~> 3.12)
  - MLKitTextRecognition (1.4.0-beta3):
    - MLKitCommon (~> 5.0)
    - MLKitTextRecognitionCommon (= 1.0.0-beta3)
    - MLKitVision (~> 3.0)
  - MLKitTextRecognitionChinese (1.0.0-beta3):
    - MLKitCommon (~> 5.0)
    - MLKitTextRecognitionCommon (= 1.0.0-beta3)
    - MLKitVision (~> 3.0)
  - MLKitTextRecognitionCommon (1.0.0-beta3):
    - MLKitCommon (~> 5.0)
    - MLKitVision (~> 3.0)
  - MLKitTextRecognitionDevanagari (1.0.0-beta3):
    - MLKitCommon (~> 5.0)
    - MLKitTextRecognitionCommon (= 1.0.0-beta3)
    - MLKitVision (~> 3.0)
  - MLKitTextRecognitionJapanese (1.0.0-beta3):
    - MLKitCommon (~> 5.0)
    - MLKitTextRecognitionCommon (= 1.0.0-beta3)
    - MLKitVision (~> 3.0)
  - MLKitTextRecognitionKorean (1.0.0-beta3):
    - MLKitCommon (~> 5.0)
    - MLKitTextRecognitionCommon (= 1.0.0-beta3)
    - MLKitVision (~> 3.0)
  - MLKitVision (3.0.0):
    - GoogleToolboxForMac/Logger (~> 2.1)
    - "GoogleToolboxForMac/NSData+zlib (~> 2.1)"
    - GTMSessionFetcher/Core (~> 1.1)
    - MLImage (= 1.0.0-beta2)
    - MLKitCommon (~> 5.0)
    - Protobuf (~> 3.12)
  - nanopb (2.30909.0):
    - nanopb/decode (= 2.30909.0)
    - nanopb/encode (= 2.30909.0)
  - nanopb/decode (2.30909.0)
  - nanopb/encode (2.30909.0)
  - path_provider_ios (0.0.1):
    - Flutter
  - permission_handler_apple (9.0.4):
    - Flutter
  - PromisesObjC (2.1.0)
  - Protobuf (3.21.1)
  - sensors (0.0.1):
    - Flutter
  - shared_preferences_ios (0.0.1):
    - Flutter
  - SwiftyTesseract (3.1.3)

DEPENDENCIES:
  - camera_avfoundation (from `.symlinks/plugins/camera_avfoundation/ios`)
  - Flutter (from `Flutter`)
  - flutter_native_image (from `.symlinks/plugins/flutter_native_image/ios`)
  - flutter_tesseract_ocr (from `.symlinks/plugins/flutter_tesseract_ocr/ios`)
  - geolocator_apple (from `.symlinks/plugins/geolocator_apple/ios`)
  - google_mlkit_commons (from `.symlinks/plugins/google_mlkit_commons/ios`)
  - google_mlkit_text_recognition (from `.symlinks/plugins/google_mlkit_text_recognition/ios`)
  - image_picker_ios (from `.symlinks/plugins/image_picker_ios/ios`)
  - path_provider_ios (from `.symlinks/plugins/path_provider_ios/ios`)
  - permission_handler_apple (from `.symlinks/plugins/permission_handler_apple/ios`)
  - sensors (from `.symlinks/plugins/sensors/ios`)
  - shared_preferences_ios (from `.symlinks/plugins/shared_preferences_ios/ios`)

SPEC REPOS:
  trunk:
    - GoogleDataTransport
    - GoogleMLKit
    - GoogleToolboxForMac
    - GoogleUtilities
    - GoogleUtilitiesComponents
    - GTMSessionFetcher
    - MLImage
    - MLKitCommon
    - MLKitTextRecognition
    - MLKitTextRecognitionChinese
    - MLKitTextRecognitionCommon
    - MLKitTextRecognitionDevanagari
    - MLKitTextRecognitionJapanese
    - MLKitTextRecognitionKorean
    - MLKitVision
    - nanopb
    - PromisesObjC
    - Protobuf
    - SwiftyTesseract

EXTERNAL SOURCES:
  camera_avfoundation:
    :path: ".symlinks/plugins/camera_avfoundation/ios"
  Flutter:
    :path: Flutter
  flutter_native_image:
    :path: ".symlinks/plugins/flutter_native_image/ios"
  flutter_tesseract_ocr:
    :path: ".symlinks/plugins/flutter_tesseract_ocr/ios"
  geolocator_apple:
    :path: ".symlinks/plugins/geolocator_apple/ios"
  google_mlkit_commons:
    :path: ".symlinks/plugins/google_mlkit_commons/ios"
  google_mlkit_text_recognition:
    :path: ".symlinks/plugins/google_mlkit_text_recognition/ios"
  image_picker_ios:
    :path: ".symlinks/plugins/image_picker_ios/ios"
  path_provider_ios:
    :path: ".symlinks/plugins/path_provider_ios/ios"
  permission_handler_apple:
    :path: ".symlinks/plugins/permission_handler_apple/ios"
  sensors:
    :path: ".symlinks/plugins/sensors/ios"
  shared_preferences_ios:
    :path: ".symlinks/plugins/shared_preferences_ios/ios"

SPEC CHECKSUMS:
  camera_avfoundation: 07c77549ea54ad95d8581be86617c094a46280d9
  Flutter: 50d75fe2f02b26cc09d224853bb45737f8b3214a
  flutter_native_image: 9c0b7451838484458e5b0fae007b86a4c2d4bdfe
  flutter_tesseract_ocr: e7a711e46346f9b43598ca93871fe857bd6d8535
  geolocator_apple: cc556e6844d508c95df1e87e3ea6fa4e58c50401
  google_mlkit_commons: e9070f57232c3a3e4bd42fdfa621bb1f4bb3e709
  google_mlkit_text_recognition: 99cf85a1eb8ff9f2918c959bd8c907ba4489b6ec
  GoogleDataTransport: 5fffe35792f8b96ec8d6775f5eccd83c998d5a3b
  GoogleMLKit: 755661c46990a85e42278015f26400286d98ad95
  GoogleToolboxForMac: 8bef7c7c5cf7291c687cf5354f39f9db6399ad34
  GoogleUtilities: e0913149f6b0625b553d70dae12b49fc62914fd1
  GoogleUtilitiesComponents: 679b2c881db3b615a2777504623df6122dd20afe
  GTMSessionFetcher: 5595ec75acf5be50814f81e9189490412bad82ba
  image_picker_ios: b786a5dcf033a8336a657191401bfdf12017dabb
  MLImage: a454f9f8ecfd537783a12f9488f5be1a68820829
  MLKitCommon: 3bc17c6f7d25ce3660f030350b46ae7ec9ebca6e
  MLKitTextRecognition: 8b0e0023a4babc66ca83d8b82864e57931164445
  MLKitTextRecognitionChinese: 1fd71c298a5368a39bf3974c68168fa55f10e6ca
  MLKitTextRecognitionCommon: 3e84602c928fe2b775fae81376f2136324cbd763
  MLKitTextRecognitionDevanagari: 282f0e4add8baf331825a4a17597272108ed86c6
  MLKitTextRecognitionJapanese: 28ce2df8ca05ad90354d54ad02f6f07c7c114608
  MLKitTextRecognitionKorean: db7df9061f7b6fc6661cf53fc41f758c19f2782e
  MLKitVision: e87dc3f2e456a6ab32361ebd985e078dd2746143
  nanopb: b552cce312b6c8484180ef47159bc0f65a1f0431
  path_provider_ios: 14f3d2fd28c4fdb42f44e0f751d12861c43cee02
  permission_handler_apple: 44366e37eaf29454a1e7b1b7d736c2cceaeb17ce
  PromisesObjC: 99b6f43f9e1044bd87a95a60beff28c2c44ddb72
  Protobuf: 9e88c1e667d75aa2491d211f26ccddde4e8ad4cf
  sensors: 84eb7a30e47a649e4172b71d6e81be614c280336
  shared_preferences_ios: 548a61f8053b9b8a49ac19c1ffbc8b92c50d68ad
  SwiftyTesseract: 1f3d96668ae92dc2208d9842c8a59bea9fad2cbb

PODFILE CHECKSUM: b922448fa45b359e34f35d6070bca1204e96e7ff

COCOAPODS: 1.11.3
